
Microsoft Visual Studio Solution File, Format Version 12.00
# Visual Studio Version 16
VisualStudioVersion = 16.0.31729.503
MinimumVisualStudioVersion = 10.0.40219.1
Project("{FAE04EC0-301F-11D3-BF4B-00C04F79EFBC}") = "GarbageCollection", "GarbageCollection.csproj", "{7CE2BB0E-BC9D-4EAD-9623-BBE3BF891052}"
EndProject
Global
	GlobalSection(SolutionConfigurationPlatforms) = preSolution
		Debug|Any CPU = Debug|Any CPU
		Release|Any CPU = Release|Any CPU
	EndGlobalSection
	GlobalSection(ProjectConfigurationPlatforms) = postSolution
		{7CE2BB0E-BC9D-4EAD-9623-BBE3BF891052}.Debug|Any CPU.ActiveCfg = Debug|Any CPU
		{7CE2BB0E-BC9D-4EAD-9623-BBE3BF891052}.Debug|Any CPU.Build.0 = Debug|Any CPU
		{7CE2BB0E-BC9D-4EAD-9623-BBE3BF891052}.Release|Any CPU.ActiveCfg = Release|Any CPU
		{7CE2BB0E-BC9D-4EAD-9623-BBE3BF891052}.Release|Any CPU.Build.0 = Release|Any CPU
	EndGlobalSection
	GlobalSection(SolutionProperties) = preSolution
		HideSolutionNode = FALSE
	EndGlobalSection
	GlobalSection(ExtensibilityGlobals) = postSolution
		SolutionGuid = {515D34C1-D614-4202-9505-96007F784C2F}
	EndGlobalSection
EndGlobal
